
Microsoft Visual Studio Solution File, Format Version 12.00
# Visual Studio Version 16
VisualStudioVersion = 16.0.30011.22
MinimumVisualStudioVersion = 10.0.40219.1
Project("{FAE04EC0-301F-11D3-BF4B-00C04F79EFBC}") = "EplangoTask", "EplangoTask\EplangoTask.csproj", "{FD7A2DFF-BB24-4D99-8090-D2C40DABCBE2}"
EndProject
Global
	GlobalSection(SolutionConfigurationPlatforms) = preSolution
		Debug|Any CPU = Debug|Any CPU
		Release|Any CPU = Release|Any CPU
	EndGlobalSection
	GlobalSection(ProjectConfigurationPlatforms) = postSolution
		{FD7A2DFF-BB24-4D99-8090-D2C40DABCBE2}.Debug|Any CPU.ActiveCfg = Debug|Any CPU
		{FD7A2DFF-BB24-4D99-8090-D2C40DABCBE2}.Debug|Any CPU.Build.0 = Debug|Any CPU
		{FD7A2DFF-BB24-4D99-8090-D2C40DABCBE2}.Release|Any CPU.ActiveCfg = Release|Any CPU
		{FD7A2DFF-BB24-4D99-8090-D2C40DABCBE2}.Release|Any CPU.Build.0 = Release|Any CPU
	EndGlobalSection
	GlobalSection(SolutionProperties) = preSolution
		HideSolutionNode = FALSE
	EndGlobalSection
	GlobalSection(ExtensibilityGlobals) = postSolution
		SolutionGuid = {59B0B3CE-60F7-45AF-9B96-83A0FA018272}
	EndGlobalSection
EndGlobal
